// !$*UTF8*$!
{
	archiveVersion = 1;
	classes = {
	};
	objectVersion = 77;
	objects = {

/* Begin PBXBuildFile section */
		815A21082F8520A600B6BAF2 /* ForgeWatch Watch App.app in Embed Watch Content */ = {isa = PBXBuildFile; fileRef = 815A20E82F8520A500B6BAF2 /* ForgeWatch Watch App.app */; settings = {ATTRIBUTES = (RemoveHeadersOnCopy, ); }; };
		815A211A2F8521C700B6BAF2 /* WidgetKit.framework in Frameworks */ = {isa = PBXBuildFile; fileRef = 815A21192F8521C700B6BAF2 /* WidgetKit.framework */; };
		815A211C2F8521C700B6BAF2 /* SwiftUI.framework in Frameworks */ = {isa = PBXBuildFile; fileRef = 815A211B2F8521C700B6BAF2 /* SwiftUI.framework */; };
		815A212B2F8521C800B6BAF2 /* ForgeWatchExtension.appex in Embed Foundation Extensions */ = {isa = PBXBuildFile; fileRef = 815A21172F8521C700B6BAF2 /* ForgeWatchExtension.appex */; settings = {ATTRIBUTES = (RemoveHeadersOnCopy, ); }; };
		815A21362F85234F00B6BAF2 /* WatchConnectivity.framework in Frameworks */ = {isa = PBXBuildFile; fileRef = 815A21352F85234F00B6BAF2 /* WatchConnectivity.framework */; };
		815A21382F85235600B6BAF2 /* AppIntents.framework in Frameworks */ = {isa = PBXBuildFile; fileRef = 815A21372F85235600B6BAF2 /* AppIntents.framework */; };
		815A214C2F852A2800B6BAF2 /* AppIntents.framework in Frameworks */ = {isa = PBXBuildFile; fileRef = 815A214B2F852A2800B6BAF2 /* AppIntents.framework */; };
		815A214D2F852A4500B6BAF2 /* AppIntents.framework in Frameworks */ = {isa = PBXBuildFile; fileRef = 815A21372F85235600B6BAF2 /* AppIntents.framework */; };
/* End PBXBuildFile section */

/* Begin PBXContainerItemProxy section */
		815A1C1C2F82D4E500B6BAF2 /* PBXContainerItemProxy */ = {
			isa = PBXContainerItemProxy;
			containerPortal = 815A1C062F82D4E200B6BAF2 /* Project object */;
			proxyType = 1;
			remoteGlobalIDString = 815A1C0D2F82D4E200B6BAF2;
			remoteInfo = ForgeCompanion;
		};
		815A1C262F82D4E500B6BAF2 /* PBXContainerItemProxy */ = {
			isa = PBXContainerItemProxy;
			containerPortal = 815A1C062F82D4E200B6BAF2 /* Project object */;
			proxyType = 1;
			remoteGlobalIDString = 815A1C0D2F82D4E200B6BAF2;
			remoteInfo = ForgeCompanion;
		};
		815A20F52F8520A600B6BAF2 /* PBXContainerItemProxy */ = {
			isa = PBXContainerItemProxy;
			containerPortal = 815A1C062F82D4E200B6BAF2 /* Project object */;
			proxyType = 1;
			remoteGlobalIDString = 815A20E72F8520A500B6BAF2;
			remoteInfo = "ForgeWatch Watch App";
		};
		815A20FF2F8520A600B6BAF2 /* PBXContainerItemProxy */ = {
			isa = PBXContainerItemProxy;
			containerPortal = 815A1C062F82D4E200B6BAF2 /* Project object */;
			proxyType = 1;
			remoteGlobalIDString = 815A20E72F8520A500B6BAF2;
			remoteInfo = "ForgeWatch Watch App";
		};
		815A21062F8520A600B6BAF2 /* PBXContainerItemProxy */ = {
			isa = PBXContainerItemProxy;
			containerPortal = 815A1C062F82D4E200B6BAF2 /* Project object */;
			proxyType = 1;
			remoteGlobalIDString = 815A20E72F8520A500B6BAF2;
			remoteInfo = "ForgeWatch Watch App";
		};
		815A21292F8521C800B6BAF2 /* PBXContainerItemProxy */ = {
			isa = PBXContainerItemProxy;
			containerPortal = 815A1C062F82D4E200B6BAF2 /* Project object */;
			proxyType = 1;
			remoteGlobalIDString = 815A21162F8521C700B6BAF2;
			remoteInfo = ForgeWatchExtension;
		};
/* End PBXContainerItemProxy section */

/* Begin PBXCopyFilesBuildPhase section */
		815A210C2F8520A600B6BAF2 /* Embed Watch Content */ = {
			isa = PBXCopyFilesBuildPhase;
			buildActionMask = 2147483647;
			dstPath = "$(CONTENTS_FOLDER_PATH)/Watch";
			dstSubfolderSpec = 16;
			files = (
				815A21082F8520A600B6BAF2 /* ForgeWatch Watch App.app in Embed Watch Content */,
			);
			name = "Embed Watch Content";
			runOnlyForDeploymentPostprocessing = 0;
		};
		815A21302F8521C800B6BAF2 /* Embed Foundation Extensions */ = {
			isa = PBXCopyFilesBuildPhase;
			buildActionMask = 2147483647;
			dstPath = "";
			dstSubfolderSpec = 13;
			files = (
				815A212B2F8521C800B6BAF2 /* ForgeWatchExtension.appex in Embed Foundation Extensions */,
			);
			name = "Embed Foundation Extensions";
			runOnlyForDeploymentPostprocessing = 0;
		};
/* End PBXCopyFilesBuildPhase section */

/* Begin PBXFileReference section */
		815A1C0E2F82D4E200B6BAF2 /* ForgeCompanion.app */ = {isa = PBXFileReference; explicitFileType = wrapper.application; includeInIndex = 0; path = ForgeCompanion.app; sourceTree = BUILT_PRODUCTS_DIR; };
		815A1C1B2F82D4E500B6BAF2 /* ForgeCompanionTests.xctest */ = {isa = PBXFileReference; explicitFileType = wrapper.cfbundle; includeInIndex = 0; path = ForgeCompanionTests.xctest; sourceTree = BUILT_PRODUCTS_DIR; };
		815A1C252F82D4E500B6BAF2 /* ForgeCompanionUITests.xctest */ = {isa = PBXFileReference; explicitFileType = wrapper.cfbundle; includeInIndex = 0; path = ForgeCompanionUITests.xctest; sourceTree = BUILT_PRODUCTS_DIR; };
		815A20E82F8520A500B6BAF2 /* ForgeWatch Watch App.app */ = {isa = PBXFileReference; explicitFileType = wrapper.application; includeInIndex = 0; path = "ForgeWatch Watch App.app"; sourceTree = BUILT_PRODUCTS_DIR; };
		815A20F42F8520A600B6BAF2 /* ForgeWatch Watch AppTests.xctest */ = {isa = PBXFileReference; explicitFileType = wrapper.cfbundle; includeInIndex = 0; path = "ForgeWatch Watch AppTests.xctest"; sourceTree = BUILT_PRODUCTS_DIR; };
		815A20FE2F8520A600B6BAF2 /* ForgeWatch Watch AppUITests.xctest */ = {isa = PBXFileReference; explicitFileType = wrapper.cfbundle; includeInIndex = 0; path = "ForgeWatch Watch AppUITests.xctest"; sourceTree = BUILT_PRODUCTS_DIR; };
		815A21172F8521C700B6BAF2 /* ForgeWatchExtension.appex */ = {isa = PBXFileReference; explicitFileType = "wrapper.app-extension"; includeInIndex = 0; path = ForgeWatchExtension.appex; sourceTree = BUILT_PRODUCTS_DIR; };
		815A21192F8521C700B6BAF2 /* WidgetKit.framework */ = {isa = PBXFileReference; lastKnownFileType = wrapper.framework; name = WidgetKit.framework; path = System/Library/Frameworks/WidgetKit.framework; sourceTree = SDKROOT; };
		815A211B2F8521C700B6BAF2 /* SwiftUI.framework */ = {isa = PBXFileReference; lastKnownFileType = wrapper.framework; name = SwiftUI.framework; path = System/Library/Frameworks/SwiftUI.framework; sourceTree = SDKROOT; };
		815A21342F85231E00B6BAF2 /* ForgeWatchExtension.entitlements */ = {isa = PBXFileReference; lastKnownFileType = text.plist.entitlements; path = ForgeWatchExtension.entitlements; sourceTree = "<group>"; };
		815A21352F85234F00B6BAF2 /* WatchConnectivity.framework */ = {isa = PBXFileReference; lastKnownFileType = wrapper.framework; name = WatchConnectivity.framework; path = Platforms/WatchOS.platform/Developer/SDKs/WatchOS26.2.sdk/System/Library/Frameworks/WatchConnectivity.framework; sourceTree = DEVELOPER_DIR; };
		815A21372F85235600B6BAF2 /* AppIntents.framework */ = {isa = PBXFileReference; lastKnownFileType = wrapper.framework; name = AppIntents.framework; path = Platforms/WatchOS.platform/Developer/SDKs/WatchOS26.2.sdk/System/Library/Frameworks/AppIntents.framework; sourceTree = DEVELOPER_DIR; };
		815A214B2F852A2800B6BAF2 /* AppIntents.framework */ = {isa = PBXFileReference; lastKnownFileType = wrapper.framework; name = AppIntents.framework; path = System/Library/Frameworks/AppIntents.framework; sourceTree = SDKROOT; };
/* End PBXFileReference section */

/* Begin PBXFileSystemSynchronizedBuildFileExceptionSet section */
		2A7EAA342FE3F30100A1D7C1 /* Exceptions for "ForgeCompanion" folder in "ForgeCompanion" target */ = {
			isa = PBXFileSystemSynchronizedBuildFileExceptionSet;
			membershipExceptions = (
				Info.plist,
			);
			target = 815A1C0D2F82D4E200B6BAF2 /* ForgeCompanion */;
		};
		815A212C2F8521C800B6BAF2 /* Exceptions for "ForgeWatch" folder in "ForgeWatchExtension" target */ = {
			isa = PBXFileSystemSynchronizedBuildFileExceptionSet;
			membershipExceptions = (
				Info.plist,
			);
			target = 815A21162F8521C700B6BAF2 /* ForgeWatchExtension */;
		};
/* End PBXFileSystemSynchronizedBuildFileExceptionSet section */

/* Begin PBXFileSystemSynchronizedRootGroup section */
		815A1C102F82D4E200B6BAF2 /* ForgeCompanion */ = {
			isa = PBXFileSystemSynchronizedRootGroup;
			exceptions = (
				2A7EAA342FE3F30100A1D7C1 /* Exceptions for "ForgeCompanion" folder in "ForgeCompanion" target */,
			);
			path = ForgeCompanion;
			sourceTree = "<group>";
		};
		815A1C1E2F82D4E500B6BAF2 /* ForgeCompanionTests */ = {
			isa = PBXFileSystemSynchronizedRootGroup;
			path = ForgeCompanionTests;
			sourceTree = "<group>";
		};
		815A1C282F82D4E500B6BAF2 /* ForgeCompanionUITests */ = {
			isa = PBXFileSystemSynchronizedRootGroup;
			path = ForgeCompanionUITests;
			sourceTree = "<group>";
		};
		815A20E92F8520A500B6BAF2 /* ForgeWatch Watch App */ = {
			isa = PBXFileSystemSynchronizedRootGroup;
			path = "ForgeWatch Watch App";
			sourceTree = "<group>";
		};
		815A20F72F8520A600B6BAF2 /* ForgeWatch Watch AppTests */ = {
			isa = PBXFileSystemSynchronizedRootGroup;
			path = "ForgeWatch Watch AppTests";
			sourceTree = "<group>";
		};
		815A21012F8520A600B6BAF2 /* ForgeWatch Watch AppUITests */ = {
			isa = PBXFileSystemSynchronizedRootGroup;
			path = "ForgeWatch Watch AppUITests";
			sourceTree = "<group>";
		};
		815A211D2F8521C700B6BAF2 /* ForgeWatch */ = {
			isa = PBXFileSystemSynchronizedRootGroup;
			exceptions = (
				815A212C2F8521C800B6BAF2 /* Exceptions for "ForgeWatch" folder in "ForgeWatchExtension" target */,
			);
			path = ForgeWatch;
			sourceTree = "<group>";
		};
/* End PBXFileSystemSynchronizedRootGroup section */

/* Begin PBXFrameworksBuildPhase section */
		815A1C0B2F82D4E200B6BAF2 /* Frameworks */ = {
			isa = PBXFrameworksBuildPhase;
			buildActionMask = 2147483647;
			files = (
				815A214C2F852A2800B6BAF2 /* AppIntents.framework in Frameworks */,
			);
			runOnlyForDeploymentPostprocessing = 0;
		};
		815A1C182F82D4E500B6BAF2 /* Frameworks */ = {
			isa = PBXFrameworksBuildPhase;
			buildActionMask = 2147483647;
			files = (
			);
			runOnlyForDeploymentPostprocessing = 0;
		};
		815A1C222F82D4E500B6BAF2 /* Frameworks */ = {
			isa = PBXFrameworksBuildPhase;
			buildActionMask = 2147483647;
			files = (
			);
			runOnlyForDeploymentPostprocessing = 0;
		};
		815A20E52F8520A500B6BAF2 /* Frameworks */ = {
			isa = PBXFrameworksBuildPhase;
			buildActionMask = 2147483647;
			files = (
				815A214D2F852A4500B6BAF2 /* AppIntents.framework in Frameworks */,
			);
			runOnlyForDeploymentPostprocessing = 0;
		};
		815A20F12F8520A600B6BAF2 /* Frameworks */ = {
			isa = PBXFrameworksBuildPhase;
			buildActionMask = 2147483647;
			files = (
			);
			runOnlyForDeploymentPostprocessing = 0;
		};
		815A20FB2F8520A600B6BAF2 /* Frameworks */ = {
			isa = PBXFrameworksBuildPhase;
			buildActionMask = 2147483647;
			files = (
			);
			runOnlyForDeploymentPostprocessing = 0;
		};
		815A21142F8521C700B6BAF2 /* Frameworks */ = {
			isa = PBXFrameworksBuildPhase;
			buildActionMask = 2147483647;
			files = (
				815A211C2F8521C700B6BAF2 /* SwiftUI.framework in Frameworks */,
				815A211A2F8521C700B6BAF2 /* WidgetKit.framework in Frameworks */,
				815A21382F85235600B6BAF2 /* AppIntents.framework in Frameworks */,
				815A21362F85234F00B6BAF2 /* WatchConnectivity.framework in Frameworks */,
			);
			runOnlyForDeploymentPostprocessing = 0;
		};
/* End PBXFrameworksBuildPhase section */

/* Begin PBXGroup section */
		815A1C052F82D4E200B6BAF2 = {
			isa = PBXGroup;
			children = (
				815A21342F85231E00B6BAF2 /* ForgeWatchExtension.entitlements */,
				815A1C102F82D4E200B6BAF2 /* ForgeCompanion */,
				815A1C1E2F82D4E500B6BAF2 /* ForgeCompanionTests */,
				815A1C282F82D4E500B6BAF2 /* ForgeCompanionUITests */,
				815A20E92F8520A500B6BAF2 /* ForgeWatch Watch App */,
				815A20F72F8520A600B6BAF2 /* ForgeWatch Watch AppTests */,
				815A21012F8520A600B6BAF2 /* ForgeWatch Watch AppUITests */,
				815A211D2F8521C700B6BAF2 /* ForgeWatch */,
				815A21182F8521C700B6BAF2 /* Frameworks */,
				815A1C0F2F82D4E200B6BAF2 /* Products */,
			);
			sourceTree = "<group>";
		};
		815A1C0F2F82D4E200B6BAF2 /* Products */ = {
			isa = PBXGroup;
			children = (
				815A1C0E2F82D4E200B6BAF2 /* ForgeCompanion.app */,
				815A1C1B2F82D4E500B6BAF2 /* ForgeCompanionTests.xctest */,
				815A1C252F82D4E500B6BAF2 /* ForgeCompanionUITests.xctest */,
				815A20E82F8520A500B6BAF2 /* ForgeWatch Watch App.app */,
				815A20F42F8520A600B6BAF2 /* ForgeWatch Watch AppTests.xctest */,
				815A20FE2F8520A600B6BAF2 /* ForgeWatch Watch AppUITests.xctest */,
				815A21172F8521C700B6BAF2 /* ForgeWatchExtension.appex */,
			);
			name = Products;
			sourceTree = "<group>";
		};
		815A21182F8521C700B6BAF2 /* Frameworks */ = {
			isa = PBXGroup;
			children = (
				815A21372F85235600B6BAF2 /* AppIntents.framework */,
				815A214B2F852A2800B6BAF2 /* AppIntents.framework */,
				815A21352F85234F00B6BAF2 /* WatchConnectivity.framework */,
				815A21192F8521C700B6BAF2 /* WidgetKit.framework */,
				815A211B2F8521C700B6BAF2 /* SwiftUI.framework */,
			);
			name = Frameworks;
			sourceTree = "<group>";
		};
/* End PBXGroup section */

/* Begin PBXNativeTarget section */
		815A1C0D2F82D4E200B6BAF2 /* ForgeCompanion */ = {
			isa = PBXNativeTarget;
			buildConfigurationList = 815A1C2F2F82D4E500B6BAF2 /* Build configuration list for PBXNativeTarget "ForgeCompanion" */;
			buildPhases = (
				815A1C0A2F82D4E200B6BAF2 /* Sources */,
				815A1C0B2F82D4E200B6BAF2 /* Frameworks */,
				815A1C0C2F82D4E200B6BAF2 /* Resources */,
				815A210C2F8520A600B6BAF2 /* Embed Watch Content */,
			);
			buildRules = (
			);
			dependencies = (
				815A21072F8520A600B6BAF2 /* PBXTargetDependency */,
			);
			fileSystemSynchronizedGroups = (
				815A1C102F82D4E200B6BAF2 /* ForgeCompanion */,
			);
			name = ForgeCompanion;
			packageProductDependencies = (
			);
			productName = ForgeCompanion;
			productReference = 815A1C0E2F82D4E200B6BAF2 /* ForgeCompanion.app */;
			productType = "com.apple.product-type.application";
		};
		815A1C1A2F82D4E500B6BAF2 /* ForgeCompanionTests */ = {
			isa = PBXNativeTarget;
			buildConfigurationList = 815A1C322F82D4E500B6BAF2 /* Build configuration list for PBXNativeTarget "ForgeCompanionTests" */;
			buildPhases = (
				815A1C172F82D4E500B6BAF2 /* Sources */,
				815A1C182F82D4E500B6BAF2 /* Frameworks */,
				815A1C192F82D4E500B6BAF2 /* Resources */,
			);
			buildRules = (
			);
			dependencies = (
				815A1C1D2F82D4E500B6BAF2 /* PBXTargetDependency */,
			);
			fileSystemSynchronizedGroups = (
				815A1C1E2F82D4E500B6BAF2 /* ForgeCompanionTests */,
			);
			name = ForgeCompanionTests;
			packageProductDependencies = (
			);
			productName = ForgeCompanionTests;
			productReference = 815A1C1B2F82D4E500B6BAF2 /* ForgeCompanionTests.xctest */;
			productType = "com.apple.product-type.bundle.unit-test";
		};
		815A1C242F82D4E500B6BAF2 /* ForgeCompanionUITests */ = {
			isa = PBXNativeTarget;
			buildConfigurationList = 815A1C352F82D4E500B6BAF2 /* Build configuration list for PBXNativeTarget "ForgeCompanionUITests" */;
			buildPhases = (
				815A1C212F82D4E500B6BAF2 /* Sources */,
				815A1C222F82D4E500B6BAF2 /* Frameworks */,
				815A1C232F82D4E500B6BAF2 /* Resources */,
			);
			buildRules = (
			);
			dependencies = (
				815A1C272F82D4E500B6BAF2 /* PBXTargetDependency */,
			);
			fileSystemSynchronizedGroups = (
				815A1C282F82D4E500B6BAF2 /* ForgeCompanionUITests */,
			);
			name = ForgeCompanionUITests;
			packageProductDependencies = (
			);
			productName = ForgeCompanionUITests;
			productReference = 815A1C252F82D4E500B6BAF2 /* ForgeCompanionUITests.xctest */;
			productType = "com.apple.product-type.bundle.ui-testing";
		};
		815A20E72F8520A500B6BAF2 /* ForgeWatch Watch App */ = {
			isa = PBXNativeTarget;
			buildConfigurationList = 815A21092F8520A600B6BAF2 /* Build configuration list for PBXNativeTarget "ForgeWatch Watch App" */;
			buildPhases = (
				815A20E42F8520A500B6BAF2 /* Sources */,
				815A20E52F8520A500B6BAF2 /* Frameworks */,
				815A20E62F8520A500B6BAF2 /* Resources */,
				815A21302F8521C800B6BAF2 /* Embed Foundation Extensions */,
			);
			buildRules = (
			);
			dependencies = (
				815A212A2F8521C800B6BAF2 /* PBXTargetDependency */,
			);
			fileSystemSynchronizedGroups = (
				815A20E92F8520A500B6BAF2 /* ForgeWatch Watch App */,
			);
			name = "ForgeWatch Watch App";
			packageProductDependencies = (
			);
			productName = "ForgeWatch Watch App";
			productReference = 815A20E82F8520A500B6BAF2 /* ForgeWatch Watch App.app */;
			productType = "com.apple.product-type.application";
		};
		815A20F32F8520A600B6BAF2 /* ForgeWatch Watch AppTests */ = {
			isa = PBXNativeTarget;
			buildConfigurationList = 815A210D2F8520A600B6BAF2 /* Build configuration list for PBXNativeTarget "ForgeWatch Watch AppTests" */;
			buildPhases = (
				815A20F02F8520A600B6BAF2 /* Sources */,
				815A20F12F8520A600B6BAF2 /* Frameworks */,
				815A20F22F8520A600B6BAF2 /* Resources */,
			);
			buildRules = (
			);
			dependencies = (
				815A20F62F8520A600B6BAF2 /* PBXTargetDependency */,
			);
			fileSystemSynchronizedGroups = (
				815A20F72F8520A600B6BAF2 /* ForgeWatch Watch AppTests */,
			);
			name = "ForgeWatch Watch AppTests";
			packageProductDependencies = (
			);
			productName = "ForgeWatch Watch AppTests";
			productReference = 815A20F42F8520A600B6BAF2 /* ForgeWatch Watch AppTests.xctest */;
			productType = "com.apple.product-type.bundle.unit-test";
		};
		815A20FD2F8520A600B6BAF2 /* ForgeWatch Watch AppUITests */ = {
			isa = PBXNativeTarget;
			buildConfigurationList = 815A21102F8520A600B6BAF2 /* Build configuration list for PBXNativeTarget "ForgeWatch Watch AppUITests" */;
			buildPhases = (
				815A20FA2F8520A600B6BAF2 /* Sources */,
				815A20FB2F8520A600B6BAF2 /* Frameworks */,
				815A20FC2F8520A600B6BAF2 /* Resources */,
			);
			buildRules = (
			);
			dependencies = (
				815A21002F8520A600B6BAF2 /* PBXTargetDependency */,
			);
			fileSystemSynchronizedGroups = (
				815A21012F8520A600B6BAF2 /* ForgeWatch Watch AppUITests */,
			);
			name = "ForgeWatch Watch AppUITests";
			packageProductDependencies = (
			);
			productName = "ForgeWatch Watch AppUITests";
			productReference = 815A20FE2F8520A600B6BAF2 /* ForgeWatch Watch AppUITests.xctest */;
			productType = "com.apple.product-type.bundle.ui-testing";
		};
		815A21162F8521C700B6BAF2 /* ForgeWatchExtension */ = {
			isa = PBXNativeTarget;
			buildConfigurationList = 815A212D2F8521C800B6BAF2 /* Build configuration list for PBXNativeTarget "ForgeWatchExtension" */;
			buildPhases = (
				815A21132F8521C700B6BAF2 /* Sources */,
				815A21142F8521C700B6BAF2 /* Frameworks */,
				815A21152F8521C700B6BAF2 /* Resources */,
			);
			buildRules = (
			);
			dependencies = (
			);
			fileSystemSynchronizedGroups = (
				815A211D2F8521C700B6BAF2 /* ForgeWatch */,
			);
			name = ForgeWatchExtension;
			packageProductDependencies = (
			);
			productName = ForgeWatchExtension;
			productReference = 815A21172F8521C700B6BAF2 /* ForgeWatchExtension.appex */;
			productType = "com.apple.product-type.app-extension";
		};
/* End PBXNativeTarget section */

/* Begin PBXProject section */
		815A1C062F82D4E200B6BAF2 /* Project object */ = {
			isa = PBXProject;
			attributes = {
				BuildIndependentTargetsInParallel = 1;
				LastSwiftUpdateCheck = 2630;
				LastUpgradeCheck = 2630;
				TargetAttributes = {
					815A1C0D2F82D4E200B6BAF2 = {
						CreatedOnToolsVersion = 26.3;
					};
					815A1C1A2F82D4E500B6BAF2 = {
						CreatedOnToolsVersion = 26.3;
						TestTargetID = 815A1C0D2F82D4E200B6BAF2;
					};
					815A1C242F82D4E500B6BAF2 = {
						CreatedOnToolsVersion = 26.3;
						TestTargetID = 815A1C0D2F82D4E200B6BAF2;
					};
					815A20E72F8520A500B6BAF2 = {
						CreatedOnToolsVersion = 26.3;
					};
					815A20F32F8520A600B6BAF2 = {
						CreatedOnToolsVersion = 26.3;
						TestTargetID = 815A20E72F8520A500B6BAF2;
					};
					815A20FD2F8520A600B6BAF2 = {
						CreatedOnToolsVersion = 26.3;
						TestTargetID = 815A20E72F8520A500B6BAF2;
					};
					815A21162F8521C700B6BAF2 = {
						CreatedOnToolsVersion = 26.3;
					};
				};
			};
			buildConfigurationList = 815A1C092F82D4E200B6BAF2 /* Build configuration list for PBXProject "ForgeCompanion" */;
			developmentRegion = en;
			hasScannedForEncodings = 0;
			knownRegions = (
				en,
				Base,
			);
			mainGroup = 815A1C052F82D4E200B6BAF2;
			minimizedProjectReferenceProxies = 1;
			preferredProjectObjectVersion = 77;
			productRefGroup = 815A1C0F2F82D4E200B6BAF2 /* Products */;
			projectDirPath = "";
			projectRoot = "";
			targets = (
				815A1C0D2F82D4E200B6BAF2 /* ForgeCompanion */,
				815A1C1A2F82D4E500B6BAF2 /* ForgeCompanionTests */,
				815A1C242F82D4E500B6BAF2 /* ForgeCompanionUITests */,
				815A20E72F8520A500B6BAF2 /* ForgeWatch Watch App */,
				815A20F32F8520A600B6BAF2 /* ForgeWatch Watch AppTests */,
				815A20FD2F8520A600B6BAF2 /* ForgeWatch Watch AppUITests */,
				815A21162F8521C700B6BAF2 /* ForgeWatchExtension */,
			);
		};
/* End PBXProject section */

/* Begin PBXResourcesBuildPhase section */
		815A1C0C2F82D4E200B6BAF2 /* Resources */ = {
			isa = PBXResourcesBuildPhase;
			buildActionMask = 2147483647;
			files = (
			);
			runOnlyForDeploymentPostprocessing = 0;
		};
		815A1C192F82D4E500B6BAF2 /* Resources */ = {
			isa = PBXResourcesBuildPhase;
			buildActionMask = 2147483647;
			files = (
			);
			runOnlyForDeploymentPostprocessing = 0;
		};
		815A1C232F82D4E500B6BAF2 /* Resources */ = {
			isa = PBXResourcesBuildPhase;
			buildActionMask = 2147483647;
			files = (
			);
			runOnlyForDeploymentPostprocessing = 0;
		};
		815A20E62F8520A500B6BAF2 /* Resources */ = {
			isa = PBXResourcesBuildPhase;
			buildActionMask = 2147483647;
			files = (
			);
			runOnlyForDeploymentPostprocessing = 0;
		};
		815A20F22F8520A600B6BAF2 /* Resources */ = {
			isa = PBXResourcesBuildPhase;
			buildActionMask = 2147483647;
			files = (
			);
			runOnlyForDeploymentPostprocessing = 0;
		};
		815A20FC2F8520A600B6BAF2 /* Resources */ = {
			isa = PBXResourcesBuildPhase;
			buildActionMask = 2147483647;
			files = (
			);
			runOnlyForDeploymentPostprocessing = 0;
		};
		815A21152F8521C700B6BAF2 /* Resources */ = {
			isa = PBXResourcesBuildPhase;
			buildActionMask = 2147483647;
			files = (
			);
			runOnlyForDeploymentPostprocessing = 0;
		};
/* End PBXResourcesBuildPhase section */

/* Begin PBXSourcesBuildPhase section */
		815A1C0A2F82D4E200B6BAF2 /* Sources */ = {
			isa = PBXSourcesBuildPhase;
			buildActionMask = 2147483647;
			files = (
			);
			runOnlyForDeploymentPostprocessing = 0;
		};
		815A1C172F82D4E500B6BAF2 /* Sources */ = {
			isa = PBXSourcesBuildPhase;
			buildActionMask = 2147483647;
			files = (
			);
			runOnlyForDeploymentPostprocessing = 0;
		};
		815A1C212F82D4E500B6BAF2 /* Sources */ = {
			isa = PBXSourcesBuildPhase;
			buildActionMask = 2147483647;
			files = (
			);
			runOnlyForDeploymentPostprocessing = 0;
		};
		815A20E42F8520A500B6BAF2 /* Sources */ = {
			isa = PBXSourcesBuildPhase;
			buildActionMask = 2147483647;
			files = (
			);
			runOnlyForDeploymentPostprocessing = 0;
		};
		815A20F02F8520A600B6BAF2 /* Sources */ = {
			isa = PBXSourcesBuildPhase;
			buildActionMask = 2147483647;
			files = (
			);
			runOnlyForDeploymentPostprocessing = 0;
		};
		815A20FA2F8520A600B6BAF2 /* Sources */ = {
			isa = PBXSourcesBuildPhase;
			buildActionMask = 2147483647;
			files = (
			);
			runOnlyForDeploymentPostprocessing = 0;
		};
		815A21132F8521C700B6BAF2 /* Sources */ = {
			isa = PBXSourcesBuildPhase;
			buildActionMask = 2147483647;
			files = (
			);
			runOnlyForDeploymentPostprocessing = 0;
		};
/* End PBXSourcesBuildPhase section */

/* Begin PBXTargetDependency section */
		815A1C1D2F82D4E500B6BAF2 /* PBXTargetDependency */ = {
			isa = PBXTargetDependency;
			target = 815A1C0D2F82D4E200B6BAF2 /* ForgeCompanion */;
			targetProxy = 815A1C1C2F82D4E500B6BAF2 /* PBXContainerItemProxy */;
		};
		815A1C272F82D4E500B6BAF2 /* PBXTargetDependency */ = {
			isa = PBXTargetDependency;
			target = 815A1C0D2F82D4E200B6BAF2 /* ForgeCompanion */;
			targetProxy = 815A1C262F82D4E500B6BAF2 /* PBXContainerItemProxy */;
		};
		815A20F62F8520A600B6BAF2 /* PBXTargetDependency */ = {
			isa = PBXTargetDependency;
			target = 815A20E72F8520A500B6BAF2 /* ForgeWatch Watch App */;
			targetProxy = 815A20F52F8520A600B6BAF2 /* PBXContainerItemProxy */;
		};
		815A21002F8520A600B6BAF2 /* PBXTargetDependency */ = {
			isa = PBXTargetDependency;
			target = 815A20E72F8520A500B6BAF2 /* ForgeWatch Watch App */;
			targetProxy = 815A20FF2F8520A600B6BAF2 /* PBXContainerItemProxy */;
		};
		815A21072F8520A600B6BAF2 /* PBXTargetDependency */ = {
			isa = PBXTargetDependency;
			target = 815A20E72F8520A500B6BAF2 /* ForgeWatch Watch App */;
			targetProxy = 815A21062F8520A600B6BAF2 /* PBXContainerItemProxy */;
		};
		815A212A2F8521C800B6BAF2 /* PBXTargetDependency */ = {
			isa = PBXTargetDependency;
			target = 815A21162F8521C700B6BAF2 /* ForgeWatchExtension */;
			targetProxy = 815A21292F8521C800B6BAF2 /* PBXContainerItemProxy */;
		};
/* End PBXTargetDependency section */

/* Begin XCBuildConfiguration section */
		815A1C2D2F82D4E500B6BAF2 /* Debug */ = {
			isa = XCBuildConfiguration;
			buildSettings = {
				ALWAYS_SEARCH_USER_PATHS = NO;
				ASSETCATALOG_COMPILER_GENERATE_SWIFT_ASSET_SYMBOL_EXTENSIONS = YES;
				CLANG_ANALYZER_NONNULL = YES;
				CLANG_ANALYZER_NUMBER_OBJECT_CONVERSION = YES_AGGRESSIVE;
				CLANG_CXX_LANGUAGE_STANDARD = "gnu++20";
				CLANG_ENABLE_MODULES = YES;
				CLANG_ENABLE_OBJC_ARC = YES;
				CLANG_ENABLE_OBJC_WEAK = YES;
				CLANG_WARN_BLOCK_CAPTURE_AUTORELEASING = YES;
				CLANG_WARN_BOOL_CONVERSION = YES;
				CLANG_WARN_COMMA = YES;
				CLANG_WARN_CONSTANT_CONVERSION = YES;
				CLANG_WARN_DEPRECATED_OBJC_IMPLEMENTATIONS = YES;
				CLANG_WARN_DIRECT_OBJC_ISA_USAGE = YES_ERROR;
				CLANG_WARN_DOCUMENTATION_COMMENTS = YES;
				CLANG_WARN_EMPTY_BODY = YES;
				CLANG_WARN_ENUM_CONVERSION = YES;
				CLANG_WARN_INFINITE_RECURSION = YES;
				CLANG_WARN_INT_CONVERSION = YES;
				CLANG_WARN_NON_LITERAL_NULL_CONVERSION = YES;
				CLANG_WARN_OBJC_IMPLICIT_RETAIN_SELF = YES;
				CLANG_WARN_OBJC_LITERAL_CONVERSION = YES;
				CLANG_WARN_OBJC_ROOT_CLASS = YES_ERROR;
				CLANG_WARN_QUOTED_INCLUDE_IN_FRAMEWORK_HEADER = YES;
				CLANG_WARN_RANGE_LOOP_ANALYSIS = YES;
				CLANG_WARN_STRICT_PROTOTYPES = YES;
				CLANG_WARN_SUSPICIOUS_MOVE = YES;
				CLANG_WARN_UNGUARDED_AVAILABILITY = YES_AGGRESSIVE;
				CLANG_WARN_UNREACHABLE_CODE = YES;
				CLANG_WARN__DUPLICATE_METHOD_MATCH = YES;
				COPY_PHASE_STRIP = NO;
				DEBUG_INFORMATION_FORMAT = dwarf;
				DEVELOPMENT_TEAM = KZ65F7924F;
				ENABLE_STRICT_OBJC_MSGSEND = YES;
				ENABLE_TESTABILITY = YES;
				ENABLE_USER_SCRIPT_SANDBOXING = YES;
				GCC_C_LANGUAGE_STANDARD = gnu17;
				GCC_DYNAMIC_NO_PIC = NO;
				GCC_NO_COMMON_BLOCKS = YES;
				GCC_OPTIMIZATION_LEVEL = 0;
				GCC_PREPROCESSOR_DEFINITIONS = (
					"DEBUG=1",
					"$(inherited)",
				);
				GCC_WARN_64_TO_32_BIT_CONVERSION = YES;
				GCC_WARN_ABOUT_RETURN_TYPE = YES_ERROR;
				GCC_WARN_UNDECLARED_SELECTOR = YES;
				GCC_WARN_UNINITIALIZED_AUTOS = YES_AGGRESSIVE;
				GCC_WARN_UNUSED_FUNCTION = YES;
				GCC_WARN_UNUSED_VARIABLE = YES;
				IPHONEOS_DEPLOYMENT_TARGET = 17.0;
				LOCALIZATION_PREFERS_STRING_CATALOGS = YES;
				MTL_ENABLE_DEBUG_INFO = INCLUDE_SOURCE;
				MTL_FAST_MATH = YES;
				ONLY_ACTIVE_ARCH = YES;
				SDKROOT = iphoneos;
				SWIFT_ACTIVE_COMPILATION_CONDITIONS = "DEBUG $(inherited)";
				SWIFT_OPTIMIZATION_LEVEL = "-Onone";
			};
			name = Debug;
		};
		815A1C2E2F82D4E500B6BAF2 /* Release */ = {
			isa = XCBuildConfiguration;
			buildSettings = {
				ALWAYS_SEARCH_USER_PATHS = NO;
				ASSETCATALOG_COMPILER_GENERATE_SWIFT_ASSET_SYMBOL_EXTENSIONS = YES;
				CLANG_ANALYZER_NONNULL = YES;
				CLANG_ANALYZER_NUMBER_OBJECT_CONVERSION = YES_AGGRESSIVE;
				CLANG_CXX_LANGUAGE_STANDARD = "gnu++20";
				CLANG_ENABLE_MODULES = YES;
				CLANG_ENABLE_OBJC_ARC = YES;
				CLANG_ENABLE_OBJC_WEAK = YES;
				CLANG_WARN_BLOCK_CAPTURE_AUTORELEASING = YES;
				CLANG_WARN_BOOL_CONVERSION = YES;
				CLANG_WARN_COMMA = YES;
				CLANG_WARN_CONSTANT_CONVERSION = YES;
				CLANG_WARN_DEPRECATED_OBJC_IMPLEMENTATIONS = YES;
				CLANG_WARN_DIRECT_OBJC_ISA_USAGE = YES_ERROR;
				CLANG_WARN_DOCUMENTATION_COMMENTS = YES;
				CLANG_WARN_EMPTY_BODY = YES;
				CLANG_WARN_ENUM_CONVERSION = YES;
				CLANG_WARN_INFINITE_RECURSION = YES;
				CLANG_WARN_INT_CONVERSION = YES;
				CLANG_WARN_NON_LITERAL_NULL_CONVERSION = YES;
				CLANG_WARN_OBJC_IMPLICIT_RETAIN_SELF = YES;
				CLANG_WARN_OBJC_LITERAL_CONVERSION = YES;
				CLANG_WARN_OBJC_ROOT_CLASS = YES_ERROR;
				CLANG_WARN_QUOTED_INCLUDE_IN_FRAMEWORK_HEADER = YES;
				CLANG_WARN_RANGE_LOOP_ANALYSIS = YES;
				CLANG_WARN_STRICT_PROTOTYPES = YES;
				CLANG_WARN_SUSPICIOUS_MOVE = YES;
				CLANG_WARN_UNGUARDED_AVAILABILITY = YES_AGGRESSIVE;
				CLANG_WARN_UNREACHABLE_CODE = YES;
				CLANG_WARN__DUPLICATE_METHOD_MATCH = YES;
				COPY_PHASE_STRIP = NO;
				DEBUG_INFORMATION_FORMAT = "dwarf-with-dsym";
				DEVELOPMENT_TEAM = KZ65F7924F;
				ENABLE_NS_ASSERTIONS = NO;
				ENABLE_STRICT_OBJC_MSGSEND = YES;
				ENABLE_USER_SCRIPT_SANDBOXING = YES;
				GCC_C_LANGUAGE_STANDARD = gnu17;
				GCC_NO_COMMON_BLOCKS = YES;
				GCC_WARN_64_TO_32_BIT_CONVERSION = YES;
				GCC_WARN_ABOUT_RETURN_TYPE = YES_ERROR;
				GCC_WARN_UNDECLARED_SELECTOR = YES;
				GCC_WARN_UNINITIALIZED_AUTOS = YES_AGGRESSIVE;
				GCC_WARN_UNUSED_FUNCTION = YES;
				GCC_WARN_UNUSED_VARIABLE = YES;
				IPHONEOS_DEPLOYMENT_TARGET = 17.0;
				LOCALIZATION_PREFERS_STRING_CATALOGS = YES;
				MTL_ENABLE_DEBUG_INFO = NO;
				MTL_FAST_MATH = YES;
				SDKROOT = iphoneos;
				SWIFT_COMPILATION_MODE = wholemodule;
				VALIDATE_PRODUCT = YES;
			};
			name = Release;
		};
		815A1C302F82D4E500B6BAF2 /* Debug */ = {
			isa = XCBuildConfiguration;
			buildSettings = {
				ASSETCATALOG_COMPILER_APPICON_NAME = AppIcon;
				ASSETCATALOG_COMPILER_GLOBAL_ACCENT_COLOR_NAME = AccentColor;
				CODE_SIGN_ENTITLEMENTS = ForgeCompanion/ForgeCompanion.entitlements;
				CODE_SIGN_STYLE = Automatic;
				CURRENT_PROJECT_VERSION = 1;
				DEVELOPMENT_TEAM = KZ65F7924F;
				ENABLE_PREVIEWS = YES;
				GENERATE_INFOPLIST_FILE = YES;
				INFOPLIST_FILE = Info.plist;
				INFOPLIST_KEY_BGTaskSchedulerPermittedIdentifiers = "com.albertbuchard.ForgeCompanion.health-sync";
				INFOPLIST_KEY_CFBundleDisplayName = "Forge Companion";
				INFOPLIST_KEY_LSApplicationQueriesSchemes = tailscale;
				INFOPLIST_KEY_NSBonjourServices = _forge._tcp;
				INFOPLIST_KEY_NSCameraUsageDescription = "Forge Companion uses the camera to scan the pairing QR code from Forge Settings.";
				INFOPLIST_KEY_NSHealthClinicalHealthRecordsShareUsageDescription = "Forge uses healthkit to help you keep track of health related events.";
				INFOPLIST_KEY_NSHealthShareUsageDescription = "Forge Companion reads Health data to sync sleep, workouts, and recovery into Forge.";
				INFOPLIST_KEY_NSHealthUpdateUsageDescription = "Forge Companion may write reconciliation metadata in future milestones.";
				INFOPLIST_KEY_NSLocalNetworkUsageDescription = "Forge Companion scans your local network to find Forge runtimes during setup.";
				INFOPLIST_KEY_NSLocationWhenInUseUsageDescription = "Forge Companion will use location in a later milestone for context-aware planning and place linking.";
				INFOPLIST_KEY_UIApplicationSupportsIndirectInputEvents = YES;
				INFOPLIST_KEY_UIBackgroundModes = fetch;
				INFOPLIST_KEY_UILaunchScreen_Generation = YES;
				INFOPLIST_KEY_UIRequiresFullScreen = YES;
				INFOPLIST_KEY_UISupportedInterfaceOrientations_iPhone = UIInterfaceOrientationPortrait;
				IPHONEOS_DEPLOYMENT_TARGET = 17.0;
				LD_RUNPATH_SEARCH_PATHS = (
					"$(inherited)",
					"@executable_path/Frameworks",
				);
				MARKETING_VERSION = 1.0;
				PRODUCT_BUNDLE_IDENTIFIER = com.albertbuchard.ForgeCompanion;
				PRODUCT_NAME = "$(TARGET_NAME)";
				STRING_CATALOG_GENERATE_SYMBOLS = YES;
				SWIFT_APPROACHABLE_CONCURRENCY = YES;
				SWIFT_DEFAULT_ACTOR_ISOLATION = MainActor;
				SWIFT_EMIT_LOC_STRINGS = YES;
				SWIFT_UPCOMING_FEATURE_MEMBER_IMPORT_VISIBILITY = YES;
				SWIFT_VERSION = 6.0;
				TARGETED_DEVICE_FAMILY = 1;
			};
			name = Debug;
		};
		815A1C312F82D4E500B6BAF2 /* Release */ = {
			isa = XCBuildConfiguration;
			buildSettings = {
				ASSETCATALOG_COMPILER_APPICON_NAME = AppIcon;
				ASSETCATALOG_COMPILER_GLOBAL_ACCENT_COLOR_NAME = AccentColor;
				CODE_SIGN_ENTITLEMENTS = ForgeCompanion/ForgeCompanion.entitlements;
				CODE_SIGN_STYLE = Automatic;
				CURRENT_PROJECT_VERSION = 1;
				DEVELOPMENT_TEAM = KZ65F7924F;
				ENABLE_PREVIEWS = YES;
				GENERATE_INFOPLIST_FILE = YES;
				INFOPLIST_FILE = Info.plist;
				INFOPLIST_KEY_BGTaskSchedulerPermittedIdentifiers = "com.albertbuchard.ForgeCompanion.health-sync";
				INFOPLIST_KEY_CFBundleDisplayName = "Forge Companion";
				INFOPLIST_KEY_LSApplicationQueriesSchemes = tailscale;
				INFOPLIST_KEY_NSBonjourServices = _forge._tcp;
				INFOPLIST_KEY_NSCameraUsageDescription = "Forge Companion uses the camera to scan the pairing QR code from Forge Settings.";
				INFOPLIST_KEY_NSHealthClinicalHealthRecordsShareUsageDescription = "Forge uses healthkit to help you keep track of health related events.";
				INFOPLIST_KEY_NSHealthShareUsageDescription = "Forge Companion reads Health data to sync sleep, workouts, and recovery into Forge.";
				INFOPLIST_KEY_NSHealthUpdateUsageDescription = "Forge Companion may write reconciliation metadata in future milestones.";
				INFOPLIST_KEY_NSLocalNetworkUsageDescription = "Forge Companion scans your local network to find Forge runtimes during setup.";
				INFOPLIST_KEY_NSLocationWhenInUseUsageDescription = "Forge Companion will use location in a later milestone for context-aware planning and place linking.";
				INFOPLIST_KEY_UIApplicationSupportsIndirectInputEvents = YES;
				INFOPLIST_KEY_UIBackgroundModes = fetch;
				INFOPLIST_KEY_UILaunchScreen_Generation = YES;
				INFOPLIST_KEY_UIRequiresFullScreen = YES;
				INFOPLIST_KEY_UISupportedInterfaceOrientations_iPhone = UIInterfaceOrientationPortrait;
				IPHONEOS_DEPLOYMENT_TARGET = 17.0;
				LD_RUNPATH_SEARCH_PATHS = (
					"$(inherited)",
					"@executable_path/Frameworks",
				);
				MARKETING_VERSION = 1.0;
				PRODUCT_BUNDLE_IDENTIFIER = com.albertbuchard.ForgeCompanion;
				PRODUCT_NAME = "$(TARGET_NAME)";
				STRING_CATALOG_GENERATE_SYMBOLS = YES;
				SWIFT_APPROACHABLE_CONCURRENCY = YES;
				SWIFT_DEFAULT_ACTOR_ISOLATION = MainActor;
				SWIFT_EMIT_LOC_STRINGS = YES;
				SWIFT_UPCOMING_FEATURE_MEMBER_IMPORT_VISIBILITY = YES;
				SWIFT_VERSION = 6.0;
				TARGETED_DEVICE_FAMILY = 1;
			};
			name = Release;
		};
		815A1C332F82D4E500B6BAF2 /* Debug */ = {
			isa = XCBuildConfiguration;
			buildSettings = {
				BUNDLE_LOADER = "$(TEST_HOST)";
				CODE_SIGN_STYLE = Automatic;
				CURRENT_PROJECT_VERSION = 1;
				DEVELOPMENT_TEAM = KZ65F7924F;
				GENERATE_INFOPLIST_FILE = YES;
				IPHONEOS_DEPLOYMENT_TARGET = 17.0;
				MARKETING_VERSION = 1.0;
				PRODUCT_BUNDLE_IDENTIFIER = com.albertbuchard.ForgeCompanionTests;
				PRODUCT_NAME = "$(TARGET_NAME)";
				STRING_CATALOG_GENERATE_SYMBOLS = NO;
				SWIFT_APPROACHABLE_CONCURRENCY = YES;
				SWIFT_EMIT_LOC_STRINGS = NO;
				SWIFT_UPCOMING_FEATURE_MEMBER_IMPORT_VISIBILITY = YES;
				SWIFT_VERSION = 5.0;
				TARGETED_DEVICE_FAMILY = "1,2";
				TEST_HOST = "$(BUILT_PRODUCTS_DIR)/ForgeCompanion.app/$(BUNDLE_EXECUTABLE_FOLDER_PATH)/ForgeCompanion";
			};
			name = Debug;
		};
		815A1C342F82D4E500B6BAF2 /* Release */ = {
			isa = XCBuildConfiguration;
			buildSettings = {
				BUNDLE_LOADER = "$(TEST_HOST)";
				CODE_SIGN_STYLE = Automatic;
				CURRENT_PROJECT_VERSION = 1;
				DEVELOPMENT_TEAM = KZ65F7924F;
				GENERATE_INFOPLIST_FILE = YES;
				IPHONEOS_DEPLOYMENT_TARGET = 17.0;
				MARKETING_VERSION = 1.0;
				PRODUCT_BUNDLE_IDENTIFIER = com.albertbuchard.ForgeCompanionTests;
				PRODUCT_NAME = "$(TARGET_NAME)";
				STRING_CATALOG_GENERATE_SYMBOLS = NO;
				SWIFT_APPROACHABLE_CONCURRENCY = YES;
				SWIFT_EMIT_LOC_STRINGS = NO;
				SWIFT_UPCOMING_FEATURE_MEMBER_IMPORT_VISIBILITY = YES;
				SWIFT_VERSION = 5.0;
				TARGETED_DEVICE_FAMILY = "1,2";
				TEST_HOST = "$(BUILT_PRODUCTS_DIR)/ForgeCompanion.app/$(BUNDLE_EXECUTABLE_FOLDER_PATH)/ForgeCompanion";
			};
			name = Release;
		};
		815A1C362F82D4E500B6BAF2 /* Debug */ = {
			isa = XCBuildConfiguration;
			buildSettings = {
				CODE_SIGN_STYLE = Automatic;
				CURRENT_PROJECT_VERSION = 1;
				DEVELOPMENT_TEAM = KZ65F7924F;
				GENERATE_INFOPLIST_FILE = YES;
				MARKETING_VERSION = 1.0;
				PRODUCT_BUNDLE_IDENTIFIER = com.albertbuchard.ForgeCompanionUITests;
				PRODUCT_NAME = "$(TARGET_NAME)";
				STRING_CATALOG_GENERATE_SYMBOLS = NO;
				SWIFT_APPROACHABLE_CONCURRENCY = YES;
				SWIFT_EMIT_LOC_STRINGS = NO;
				SWIFT_UPCOMING_FEATURE_MEMBER_IMPORT_VISIBILITY = YES;
				SWIFT_VERSION = 5.0;
				TARGETED_DEVICE_FAMILY = "1,2";
				TEST_TARGET_NAME = ForgeCompanion;
			};
			name = Debug;
		};
		815A1C372F82D4E500B6BAF2 /* Release */ = {
			isa = XCBuildConfiguration;
			buildSettings = {
				CODE_SIGN_STYLE = Automatic;
				CURRENT_PROJECT_VERSION = 1;
				DEVELOPMENT_TEAM = KZ65F7924F;
				GENERATE_INFOPLIST_FILE = YES;
				MARKETING_VERSION = 1.0;
				PRODUCT_BUNDLE_IDENTIFIER = com.albertbuchard.ForgeCompanionUITests;
				PRODUCT_NAME = "$(TARGET_NAME)";
				STRING_CATALOG_GENERATE_SYMBOLS = NO;
				SWIFT_APPROACHABLE_CONCURRENCY = YES;
				SWIFT_EMIT_LOC_STRINGS = NO;
				SWIFT_UPCOMING_FEATURE_MEMBER_IMPORT_VISIBILITY = YES;
				SWIFT_VERSION = 5.0;
				TARGETED_DEVICE_FAMILY = "1,2";
				TEST_TARGET_NAME = ForgeCompanion;
			};
			name = Release;
		};
		815A210A2F8520A600B6BAF2 /* Debug */ = {
			isa = XCBuildConfiguration;
			buildSettings = {
				ASSETCATALOG_COMPILER_APPICON_NAME = AppIcon;
				ASSETCATALOG_COMPILER_GLOBAL_ACCENT_COLOR_NAME = AccentColor;
				CODE_SIGN_ENTITLEMENTS = "ForgeWatch Watch App/ForgeWatch Watch App.entitlements";
				CODE_SIGN_STYLE = Automatic;
				CURRENT_PROJECT_VERSION = 1;
				DEVELOPMENT_TEAM = KZ65F7924F;
				ENABLE_PREVIEWS = YES;
				GENERATE_INFOPLIST_FILE = YES;
				INFOPLIST_KEY_CFBundleDisplayName = ForgeWatch;
				INFOPLIST_KEY_UISupportedInterfaceOrientations = "UIInterfaceOrientationPortrait UIInterfaceOrientationPortraitUpsideDown";
				INFOPLIST_KEY_WKCompanionAppBundleIdentifier = com.albertbuchard.ForgeCompanion;
				LD_RUNPATH_SEARCH_PATHS = (
					"$(inherited)",
					"@executable_path/Frameworks",
				);
				MARKETING_VERSION = 1.0;
				PRODUCT_BUNDLE_IDENTIFIER = com.albertbuchard.ForgeCompanion.watchkitapp;
				PRODUCT_NAME = "$(TARGET_NAME)";
				SDKROOT = watchos;
				SKIP_INSTALL = YES;
				STRING_CATALOG_GENERATE_SYMBOLS = YES;
				SWIFT_APPROACHABLE_CONCURRENCY = YES;
				SWIFT_DEFAULT_ACTOR_ISOLATION = MainActor;
				SWIFT_EMIT_LOC_STRINGS = YES;
				SWIFT_UPCOMING_FEATURE_MEMBER_IMPORT_VISIBILITY = YES;
				SWIFT_VERSION = 6.0;
				TARGETED_DEVICE_FAMILY = 4;
				WATCHOS_DEPLOYMENT_TARGET = 26.2;
			};
			name = Debug;
		};
		815A210B2F8520A600B6BAF2 /* Release */ = {
			isa = XCBuildConfiguration;
			buildSettings = {
				ASSETCATALOG_COMPILER_APPICON_NAME = AppIcon;
				ASSETCATALOG_COMPILER_GLOBAL_ACCENT_COLOR_NAME = AccentColor;
				CODE_SIGN_ENTITLEMENTS = "ForgeWatch Watch App/ForgeWatch Watch App.entitlements";
				CODE_SIGN_STYLE = Automatic;
				CURRENT_PROJECT_VERSION = 1;
				DEVELOPMENT_TEAM = KZ65F7924F;
				ENABLE_PREVIEWS = YES;
				GENERATE_INFOPLIST_FILE = YES;
				INFOPLIST_KEY_CFBundleDisplayName = ForgeWatch;
				INFOPLIST_KEY_UISupportedInterfaceOrientations = "UIInterfaceOrientationPortrait UIInterfaceOrientationPortraitUpsideDown";
				INFOPLIST_KEY_WKCompanionAppBundleIdentifier = com.albertbuchard.ForgeCompanion;
				LD_RUNPATH_SEARCH_PATHS = (
					"$(inherited)",
					"@executable_path/Frameworks",
				);
				MARKETING_VERSION = 1.0;
				PRODUCT_BUNDLE_IDENTIFIER = com.albertbuchard.ForgeCompanion.watchkitapp;
				PRODUCT_NAME = "$(TARGET_NAME)";
				SDKROOT = watchos;
				SKIP_INSTALL = YES;
				STRING_CATALOG_GENERATE_SYMBOLS = YES;
				SWIFT_APPROACHABLE_CONCURRENCY = YES;
				SWIFT_DEFAULT_ACTOR_ISOLATION = MainActor;
				SWIFT_EMIT_LOC_STRINGS = YES;
				SWIFT_UPCOMING_FEATURE_MEMBER_IMPORT_VISIBILITY = YES;
				SWIFT_VERSION = 6.0;
				TARGETED_DEVICE_FAMILY = 4;
				WATCHOS_DEPLOYMENT_TARGET = 26.2;
			};
			name = Release;
		};
		815A210E2F8520A600B6BAF2 /* Debug */ = {
			isa = XCBuildConfiguration;
			buildSettings = {
				BUNDLE_LOADER = "$(TEST_HOST)";
				CODE_SIGN_STYLE = Automatic;
				CURRENT_PROJECT_VERSION = 1;
				DEVELOPMENT_TEAM = KZ65F7924F;
				GENERATE_INFOPLIST_FILE = YES;
				MARKETING_VERSION = 1.0;
				PRODUCT_BUNDLE_IDENTIFIER = "com.albertbuchard.forgecompanion.watchkitapp.ForgeWatch-Watch-AppTests";
				PRODUCT_NAME = "$(TARGET_NAME)";
				SDKROOT = watchos;
				STRING_CATALOG_GENERATE_SYMBOLS = NO;
				SWIFT_APPROACHABLE_CONCURRENCY = YES;
				SWIFT_EMIT_LOC_STRINGS = NO;
				SWIFT_UPCOMING_FEATURE_MEMBER_IMPORT_VISIBILITY = YES;
				SWIFT_VERSION = 5.0;
				TARGETED_DEVICE_FAMILY = 4;
				TEST_HOST = "$(BUILT_PRODUCTS_DIR)/ForgeWatch Watch App.app/$(BUNDLE_EXECUTABLE_FOLDER_PATH)/ForgeWatch Watch App";
				WATCHOS_DEPLOYMENT_TARGET = 26.2;
			};
			name = Debug;
		};
		815A210F2F8520A600B6BAF2 /* Release */ = {
			isa = XCBuildConfiguration;
			buildSettings = {
				BUNDLE_LOADER = "$(TEST_HOST)";
				CODE_SIGN_STYLE = Automatic;
				CURRENT_PROJECT_VERSION = 1;
				DEVELOPMENT_TEAM = KZ65F7924F;
				GENERATE_INFOPLIST_FILE = YES;
				MARKETING_VERSION = 1.0;
				PRODUCT_BUNDLE_IDENTIFIER = "com.albertbuchard.forgecompanion.watchkitapp.ForgeWatch-Watch-AppTests";
				PRODUCT_NAME = "$(TARGET_NAME)";
				SDKROOT = watchos;
				STRING_CATALOG_GENERATE_SYMBOLS = NO;
				SWIFT_APPROACHABLE_CONCURRENCY = YES;
				SWIFT_EMIT_LOC_STRINGS = NO;
				SWIFT_UPCOMING_FEATURE_MEMBER_IMPORT_VISIBILITY = YES;
				SWIFT_VERSION = 5.0;
				TARGETED_DEVICE_FAMILY = 4;
				TEST_HOST = "$(BUILT_PRODUCTS_DIR)/ForgeWatch Watch App.app/$(BUNDLE_EXECUTABLE_FOLDER_PATH)/ForgeWatch Watch App";
				WATCHOS_DEPLOYMENT_TARGET = 26.2;
			};
			name = Release;
		};
		815A21112F8520A600B6BAF2 /* Debug */ = {
			isa = XCBuildConfiguration;
			buildSettings = {
				CODE_SIGN_STYLE = Automatic;
				CURRENT_PROJECT_VERSION = 1;
				DEVELOPMENT_TEAM = KZ65F7924F;
				GENERATE_INFOPLIST_FILE = YES;
				MARKETING_VERSION = 1.0;
				PRODUCT_BUNDLE_IDENTIFIER = "com.albertbuchard.forgecompanion.watchkitapp.ForgeWatch-Watch-AppUITests";
				PRODUCT_NAME = "$(TARGET_NAME)";
				SDKROOT = watchos;
				STRING_CATALOG_GENERATE_SYMBOLS = NO;
				SWIFT_APPROACHABLE_CONCURRENCY = YES;
				SWIFT_EMIT_LOC_STRINGS = NO;
				SWIFT_UPCOMING_FEATURE_MEMBER_IMPORT_VISIBILITY = YES;
				SWIFT_VERSION = 5.0;
				TARGETED_DEVICE_FAMILY = 4;
				TEST_TARGET_NAME = "ForgeWatch Watch App";
				WATCHOS_DEPLOYMENT_TARGET = 26.2;
			};
			name = Debug;
		};
		815A21122F8520A600B6BAF2 /* Release */ = {
			isa = XCBuildConfiguration;
			buildSettings = {
				CODE_SIGN_STYLE = Automatic;
				CURRENT_PROJECT_VERSION = 1;
				DEVELOPMENT_TEAM = KZ65F7924F;
				GENERATE_INFOPLIST_FILE = YES;
				MARKETING_VERSION = 1.0;
				PRODUCT_BUNDLE_IDENTIFIER = "com.albertbuchard.forgecompanion.watchkitapp.ForgeWatch-Watch-AppUITests";
				PRODUCT_NAME = "$(TARGET_NAME)";
				SDKROOT = watchos;
				STRING_CATALOG_GENERATE_SYMBOLS = NO;
				SWIFT_APPROACHABLE_CONCURRENCY = YES;
				SWIFT_EMIT_LOC_STRINGS = NO;
				SWIFT_UPCOMING_FEATURE_MEMBER_IMPORT_VISIBILITY = YES;
				SWIFT_VERSION = 5.0;
				TARGETED_DEVICE_FAMILY = 4;
				TEST_TARGET_NAME = "ForgeWatch Watch App";
				WATCHOS_DEPLOYMENT_TARGET = 26.2;
			};
			name = Release;
		};
		815A212E2F8521C800B6BAF2 /* Debug */ = {
			isa = XCBuildConfiguration;
			buildSettings = {
				ASSETCATALOG_COMPILER_GLOBAL_ACCENT_COLOR_NAME = AccentColor;
				ASSETCATALOG_COMPILER_WIDGET_BACKGROUND_COLOR_NAME = WidgetBackground;
				CODE_SIGN_ENTITLEMENTS = ForgeWatchExtension.entitlements;
				CODE_SIGN_STYLE = Automatic;
				CURRENT_PROJECT_VERSION = 1;
				DEVELOPMENT_TEAM = KZ65F7924F;
				GENERATE_INFOPLIST_FILE = YES;
				INFOPLIST_FILE = ForgeWatch/Info.plist;
				INFOPLIST_KEY_CFBundleDisplayName = ForgeWatch;
				INFOPLIST_KEY_NSHumanReadableCopyright = "";
				LD_RUNPATH_SEARCH_PATHS = (
					"$(inherited)",
					"@executable_path/Frameworks",
					"@executable_path/../../Frameworks",
					"@executable_path/../../../../Frameworks",
				);
				MARKETING_VERSION = 1.0;
				PRODUCT_BUNDLE_IDENTIFIER = com.albertbuchard.ForgeCompanion.watchkitapp.ForgeWatch;
				PRODUCT_NAME = "$(TARGET_NAME)";
				SDKROOT = watchos;
				SKIP_INSTALL = YES;
				STRING_CATALOG_GENERATE_SYMBOLS = YES;
				SWIFT_APPROACHABLE_CONCURRENCY = YES;
				SWIFT_EMIT_LOC_STRINGS = YES;
				SWIFT_UPCOMING_FEATURE_MEMBER_IMPORT_VISIBILITY = YES;
				SWIFT_VERSION = 6.0;
				TARGETED_DEVICE_FAMILY = 4;
				WATCHOS_DEPLOYMENT_TARGET = 26.2;
			};
			name = Debug;
		};
		815A212F2F8521C800B6BAF2 /* Release */ = {
			isa = XCBuildConfiguration;
			buildSettings = {
				ASSETCATALOG_COMPILER_GLOBAL_ACCENT_COLOR_NAME = AccentColor;
				ASSETCATALOG_COMPILER_WIDGET_BACKGROUND_COLOR_NAME = WidgetBackground;
				CODE_SIGN_ENTITLEMENTS = ForgeWatchExtension.entitlements;
				CODE_SIGN_STYLE = Automatic;
				CURRENT_PROJECT_VERSION = 1;
				DEVELOPMENT_TEAM = KZ65F7924F;
				GENERATE_INFOPLIST_FILE = YES;
				INFOPLIST_FILE = ForgeWatch/Info.plist;
				INFOPLIST_KEY_CFBundleDisplayName = ForgeWatch;
				INFOPLIST_KEY_NSHumanReadableCopyright = "";
				LD_RUNPATH_SEARCH_PATHS = (
					"$(inherited)",
					"@executable_path/Frameworks",
					"@executable_path/../../Frameworks",
					"@executable_path/../../../../Frameworks",
				);
				MARKETING_VERSION = 1.0;
				PRODUCT_BUNDLE_IDENTIFIER = com.albertbuchard.ForgeCompanion.watchkitapp.ForgeWatch;
				PRODUCT_NAME = "$(TARGET_NAME)";
				SDKROOT = watchos;
				SKIP_INSTALL = YES;
				STRING_CATALOG_GENERATE_SYMBOLS = YES;
				SWIFT_APPROACHABLE_CONCURRENCY = YES;
				SWIFT_EMIT_LOC_STRINGS = YES;
				SWIFT_UPCOMING_FEATURE_MEMBER_IMPORT_VISIBILITY = YES;
				SWIFT_VERSION = 6.0;
				TARGETED_DEVICE_FAMILY = 4;
				WATCHOS_DEPLOYMENT_TARGET = 26.2;
			};
			name = Release;
		};
/* End XCBuildConfiguration section */

/* Begin XCConfigurationList section */
		815A1C092F82D4E200B6BAF2 /* Build configuration list for PBXProject "ForgeCompanion" */ = {
			isa = XCConfigurationList;
			buildConfigurations = (
				815A1C2D2F82D4E500B6BAF2 /* Debug */,
				815A1C2E2F82D4E500B6BAF2 /* Release */,
			);
			defaultConfigurationIsVisible = 0;
			defaultConfigurationName = Release;
		};
		815A1C2F2F82D4E500B6BAF2 /* Build configuration list for PBXNativeTarget "ForgeCompanion" */ = {
			isa = XCConfigurationList;
			buildConfigurations = (
				815A1C302F82D4E500B6BAF2 /* Debug */,
				815A1C312F82D4E500B6BAF2 /* Release */,
			);
			defaultConfigurationIsVisible = 0;
			defaultConfigurationName = Release;
		};
		815A1C322F82D4E500B6BAF2 /* Build configuration list for PBXNativeTarget "ForgeCompanionTests" */ = {
			isa = XCConfigurationList;
			buildConfigurations = (
				815A1C332F82D4E500B6BAF2 /* Debug */,
				815A1C342F82D4E500B6BAF2 /* Release */,
			);
			defaultConfigurationIsVisible = 0;
			defaultConfigurationName = Release;
		};
		815A1C352F82D4E500B6BAF2 /* Build configuration list for PBXNativeTarget "ForgeCompanionUITests" */ = {
			isa = XCConfigurationList;
			buildConfigurations = (
				815A1C362F82D4E500B6BAF2 /* Debug */,
				815A1C372F82D4E500B6BAF2 /* Release */,
			);
			defaultConfigurationIsVisible = 0;
			defaultConfigurationName = Release;
		};
		815A21092F8520A600B6BAF2 /* Build configuration list for PBXNativeTarget "ForgeWatch Watch App" */ = {
			isa = XCConfigurationList;
			buildConfigurations = (
				815A210A2F8520A600B6BAF2 /* Debug */,
				815A210B2F8520A600B6BAF2 /* Release */,
			);
			defaultConfigurationIsVisible = 0;
			defaultConfigurationName = Release;
		};
		815A210D2F8520A600B6BAF2 /* Build configuration list for PBXNativeTarget "ForgeWatch Watch AppTests" */ = {
			isa = XCConfigurationList;
			buildConfigurations = (
				815A210E2F8520A600B6BAF2 /* Debug */,
				815A210F2F8520A600B6BAF2 /* Release */,
			);
			defaultConfigurationIsVisible = 0;
			defaultConfigurationName = Release;
		};
		815A21102F8520A600B6BAF2 /* Build configuration list for PBXNativeTarget "ForgeWatch Watch AppUITests" */ = {
			isa = XCConfigurationList;
			buildConfigurations = (
				815A21112F8520A600B6BAF2 /* Debug */,
				815A21122F8520A600B6BAF2 /* Release */,
			);
			defaultConfigurationIsVisible = 0;
			defaultConfigurationName = Release;
		};
		815A212D2F8521C800B6BAF2 /* Build configuration list for PBXNativeTarget "ForgeWatchExtension" */ = {
			isa = XCConfigurationList;
			buildConfigurations = (
				815A212E2F8521C800B6BAF2 /* Debug */,
				815A212F2F8521C800B6BAF2 /* Release */,
			);
			defaultConfigurationIsVisible = 0;
			defaultConfigurationName = Release;
		};
/* End XCConfigurationList section */
	};
	rootObject = 815A1C062F82D4E200B6BAF2 /* Project object */;
}
